// !$*UTF8*$!
{
	archiveVersion = 1;
	classes = {
	};
	objectVersion = 46;
	objects = {

/* Begin PBXBuildFile section */
		65309FC019D801D6005613FE /* main.m in Sources */ = {isa = PBXBuildFile; fileRef = 65309FBF19D801D6005613FE /* main.m */; };
		65309FC319D801D6005613FE /* AppDelegate.m in Sources */ = {isa = PBXBuildFile; fileRef = 65309FC219D801D6005613FE /* AppDelegate.m */; };
		65309FC619D801D6005613FE /* ViewController.m in Sources */ = {isa = PBXBuildFile; fileRef = 65309FC519D801D6005613FE /* ViewController.m */; };
		65309FC919D801D6005613FE /* Main.storyboard in Resources */ = {isa = PBXBuildFile; fileRef = 65309FC719D801D6005613FE /* Main.storyboard */; };
		65309FCB19D801D6005613FE /* Images.xcassets in Resources */ = {isa = PBXBuildFile; fileRef = 65309FCA19D801D6005613FE /* Images.xcassets */; };
		65309FCE19D801D6005613FE /* LaunchScreen.xib in Resources */ = {isa = PBXBuildFile; fileRef = 65309FCC19D801D6005613FE /* LaunchScreen.xib */; };
		65309FDA19D801D6005613FE /* DaySix_DelegatePatternTests.m in Sources */ = {isa = PBXBuildFile; fileRef = 65309FD919D801D6005613FE /* DaySix_DelegatePatternTests.m */; };
/* End PBXBuildFile section */

/* Begin PBXContainerItemProxy section */
		65309FD419D801D6005613FE /* PBXContainerItemProxy */ = {
			isa = PBXContainerItemProxy;
			containerPortal = 65309FB219D801D6005613FE /* Project object */;
			proxyType = 1;
			remoteGlobalIDString = 65309FB919D801D6005613FE;
			remoteInfo = DaySix_DelegatePattern;
		};
/* End PBXContainerItemProxy section */

/* Begin PBXFileReference section */
		65309FBA19D801D6005613FE /* DaySix_DelegatePattern.app */ = {isa = PBXFileReference; explicitFileType = wrapper.application; includeInIndex = 0; path = DaySix_DelegatePattern.app; sourceTree = BUILT_PRODUCTS_DIR; };
		65309FBE19D801D6005613FE /* Info.plist */ = {isa = PBXFileReference; lastKnownFileType = text.plist.xml; path = Info.plist; sourceTree = "<group>"; };
		65309FBF19D801D6005613FE /* main.m */ = {isa = PBXFileReference; lastKnownFileType = sourcecode.c.objc; path = main.m; sourceTree = "<group>"; };
		65309FC119D801D6005613FE /* AppDelegate.h */ = {isa = PBXFileReference; lastKnownFileType = sourcecode.c.h; path = AppDelegate.h; sourceTree = "<group>"; };
		65309FC219D801D6005613FE /* AppDelegate.m */ = {isa = PBXFileReference; lastKnownFileType = sourcecode.c.objc; path = AppDelegate.m; sourceTree = "<group>"; };
		65309FC419D801D6005613FE /* ViewController.h */ = {isa = PBXFileReference; lastKnownFileType = sourcecode.c.h; path = ViewController.h; sourceTree = "<group>"; };
		65309FC519D801D6005613FE /* ViewController.m */ = {isa = PBXFileReference; lastKnownFileType = sourcecode.c.objc; path = ViewController.m; sourceTree = "<group>"; };
		65309FC819D801D6005613FE /* Base */ = {isa = PBXFileReference; lastKnownFileType = file.storyboard; name = Base; path = Base.lproj/Main.storyboard; sourceTree = "<group>"; };
		65309FCA19D801D6005613FE /* Images.xcassets */ = {isa = PBXFileReference; lastKnownFileType = folder.assetcatalog; path = Images.xcassets; sourceTree = "<group>"; };
		65309FCD19D801D6005613FE /* Base */ = {isa = PBXFileReference; lastKnownFileType = file.xib; name = Base; path = Base.lproj/LaunchScreen.xib; sourceTree = "<group>"; };
		65309FD319D801D6005613FE /* DaySix_DelegatePatternTests.xctest */ = {isa = PBXFileReference; explicitFileType = wrapper.cfbundle; includeInIndex = 0; path = DaySix_DelegatePatternTests.xctest; sourceTree = BUILT_PRODUCTS_DIR; };
		65309FD819D801D6005613FE /* Info.plist */ = {isa = PBXFileReference; lastKnownFileType = text.plist.xml; path = Info.plist; sourceTree = "<group>"; };
		65309FD919D801D6005613FE /* DaySix_DelegatePatternTests.m */ = {isa = PBXFileReference; lastKnownFileType = sourcecode.c.objc; path = DaySix_DelegatePatternTests.m; sourceTree = "<group>"; };
/* End PBXFileReference section */

/* Begin PBXFrameworksBuildPhase section */
		65309FB719D801D6005613FE /* Frameworks */ = {
			isa = PBXFrameworksBuildPhase;
			buildActionMask = 2147483647;
			files = (
			);
			runOnlyForDeploymentPostprocessing = 0;
		};
		65309FD019D801D6005613FE /* Frameworks */ = {
			isa = PBXFrameworksBuildPhase;
			buildActionMask = 2147483647;
			files = (
			);
			runOnlyForDeploymentPostprocessing = 0;
		};
/* End PBXFrameworksBuildPhase section */

/* Begin PBXGroup section */
		65309FB119D801D6005613FE = {
			isa = PBXGroup;
			children = (
				65309FBC19D801D6005613FE /* DaySix_DelegatePattern */,
				65309FD619D801D6005613FE /* DaySix_DelegatePatternTests */,
				65309FBB19D801D6005613FE /* Products */,
			);
			sourceTree = "<group>";
		};
		65309FBB19D801D6005613FE /* Products */ = {
			isa = PBXGroup;
			children = (
				65309FBA19D801D6005613FE /* DaySix_DelegatePattern.app */,
				65309FD319D801D6005613FE /* DaySix_DelegatePatternTests.xctest */,
			);
			name = Products;
			sourceTree = "<group>";
		};
		65309FBC19D801D6005613FE /* DaySix_DelegatePattern */ = {
			isa = PBXGroup;
			children = (
				65309FC119D801D6005613FE /* AppDelegate.h */,
				65309FC219D801D6005613FE /* AppDelegate.m */,
				65309FC419D801D6005613FE /* ViewController.h */,
				65309FC519D801D6005613FE /* ViewController.m */,
				65309FC719D801D6005613FE /* Main.storyboard */,
				65309FCA19D801D6005613FE /* Images.xcassets */,
				65309FCC19D801D6005613FE /* LaunchScreen.xib */,
				65309FBD19D801D6005613FE /* Supporting Files */,
			);
			path = DaySix_DelegatePattern;
			sourceTree = "<group>";
		};
		65309FBD19D801D6005613FE /* Supporting Files */ = {
			isa = PBXGroup;
			children = (
				65309FBE19D801D6005613FE /* Info.plist */,
				65309FBF19D801D6005613FE /* main.m */,
			);
			name = "Supporting Files";
			sourceTree = "<group>";
		};
		65309FD619D801D6005613FE /* DaySix_DelegatePatternTests */ = {
			isa = PBXGroup;
			children = (
				65309FD919D801D6005613FE /* DaySix_DelegatePatternTests.m */,
				65309FD719D801D6005613FE /* Supporting Files */,
			);
			path = DaySix_DelegatePatternTests;
			sourceTree = "<group>";
		};
		65309FD719D801D6005613FE /* Supporting Files */ = {
			isa = PBXGroup;
			children = (
				65309FD819D801D6005613FE /* Info.plist */,
			);
			name = "Supporting Files";
			sourceTree = "<group>";
		};
/* End PBXGroup section */

/* Begin PBXNativeTarget section */
		65309FB919D801D6005613FE /* DaySix_DelegatePattern */ = {
			isa = PBXNativeTarget;
			buildConfigurationList = 65309FDD19D801D6005613FE /* Build configuration list for PBXNativeTarget "DaySix_DelegatePattern" */;
			buildPhases = (
				65309FB619D801D6005613FE /* Sources */,
				65309FB719D801D6005613FE /* Frameworks */,
				65309FB819D801D6005613FE /* Resources */,
			);
			buildRules = (
			);
			dependencies = (
			);
			name = DaySix_DelegatePattern;
			productName = DaySix_DelegatePattern;
			productReference = 65309FBA19D801D6005613FE /* DaySix_DelegatePattern.app */;
			productType = "com.apple.product-type.application";
		};
		65309FD219D801D6005613FE /* DaySix_DelegatePatternTests */ = {
			isa = PBXNativeTarget;
			buildConfigurationList = 65309FE019D801D6005613FE /* Build configuration list for PBXNativeTarget "DaySix_DelegatePatternTests" */;
			buildPhases = (
				65309FCF19D801D6005613FE /* Sources */,
				65309FD019D801D6005613FE /* Frameworks */,
				65309FD119D801D6005613FE /* Resources */,
			);
			buildRules = (
			);
			dependencies = (
				65309FD519D801D6005613FE /* PBXTargetDependency */,
			);
			name = DaySix_DelegatePatternTests;
			productName = DaySix_DelegatePatternTests;
			productReference = 65309FD319D801D6005613FE /* DaySix_DelegatePatternTests.xctest */;
			productType = "com.apple.product-type.bundle.unit-test";
		};
/* End PBXNativeTarget section */

/* Begin PBXProject section */
		65309FB219D801D6005613FE /* Project object */ = {
			isa = PBXProject;
			attributes = {
				LastUpgradeCheck = 0600;
				ORGANIZATIONNAME = Katiyals;
				TargetAttributes = {
					65309FB919D801D6005613FE = {
						CreatedOnToolsVersion = 6.0.1;
					};
					65309FD219D801D6005613FE = {
						CreatedOnToolsVersion = 6.0.1;
						TestTargetID = 65309FB919D801D6005613FE;
					};
				};
			};
			buildConfigurationList = 65309FB519D801D6005613FE /* Build configuration list for PBXProject "DaySix_DelegatePattern" */;
			compatibilityVersion = "Xcode 3.2";
			developmentRegion = English;
			hasScannedForEncodings = 0;
			knownRegions = (
				en,
				Base,
			);
			mainGroup = 65309FB119D801D6005613FE;
			productRefGroup = 65309FBB19D801D6005613FE /* Products */;
			projectDirPath = "";
			projectRoot = "";
			targets = (
				65309FB919D801D6005613FE /* DaySix_DelegatePattern */,
				65309FD219D801D6005613FE /* DaySix_DelegatePatternTests */,
			);
		};
/* End PBXProject section */

/* Begin PBXResourcesBuildPhase section */
		65309FB819D801D6005613FE /* Resources */ = {
			isa = PBXResourcesBuildPhase;
			buildActionMask = 2147483647;
			files = (
				65309FC919D801D6005613FE /* Main.storyboard in Resources */,
				65309FCE19D801D6005613FE /* LaunchScreen.xib in Resources */,
				65309FCB19D801D6005613FE /* Images.xcassets in Resources */,
			);
			runOnlyForDeploymentPostprocessing = 0;
		};
		65309FD119D801D6005613FE /* Resources */ = {
			isa = PBXResourcesBuildPhase;
			buildActionMask = 2147483647;
			files = (
			);
			runOnlyForDeploymentPostprocessing = 0;
		};
/* End PBXResourcesBuildPhase section */

/* Begin PBXSourcesBuildPhase section */
		65309FB619D801D6005613FE /* Sources */ = {
			isa = PBXSourcesBuildPhase;
			buildActionMask = 2147483647;
			files = (
				65309FC619D801D6005613FE /* ViewController.m in Sources */,
				65309FC319D801D6005613FE /* AppDelegate.m in Sources */,
				65309FC019D801D6005613FE /* main.m in Sources */,
			);
			runOnlyForDeploymentPostprocessing = 0;
		};
		65309FCF19D801D6005613FE /* Sources */ = {
			isa = PBXSourcesBuildPhase;
			buildActionMask = 2147483647;
			files = (
				65309FDA19D801D6005613FE /* DaySix_DelegatePatternTests.m in Sources */,
			);
			runOnlyForDeploymentPostprocessing = 0;
		};
/* End PBXSourcesBuildPhase section */

/* Begin PBXTargetDependency section */
		65309FD519D801D6005613FE /* PBXTargetDependency */ = {
			isa = PBXTargetDependency;
			target = 65309FB919D801D6005613FE /* DaySix_DelegatePattern */;
			targetProxy = 65309FD419D801D6005613FE /* PBXContainerItemProxy */;
		};
/* End PBXTargetDependency section */

/* Begin PBXVariantGroup section */
		65309FC719D801D6005613FE /* Main.storyboard */ = {
			isa = PBXVariantGroup;
			children = (
				65309FC819D801D6005613FE /* Base */,
			);
			name = Main.storyboard;
			sourceTree = "<group>";
		};
		65309FCC19D801D6005613FE /* LaunchScreen.xib */ = {
			isa = PBXVariantGroup;
			children = (
				65309FCD19D801D6005613FE /* Base */,
			);
			name = LaunchScreen.xib;
			sourceTree = "<group>";
		};
/* End PBXVariantGroup section */

/* Begin XCBuildConfiguration section */
		65309FDB19D801D6005613FE /* Debug */ = {
			isa = XCBuildConfiguration;
			buildSettings = {
				ALWAYS_SEARCH_USER_PATHS = NO;
				CLANG_CXX_LANGUAGE_STANDARD = "gnu++0x";
				CLANG_CXX_LIBRARY = "libc++";
				CLANG_ENABLE_MODULES = YES;
				CLANG_ENABLE_OBJC_ARC = YES;
				CLANG_WARN_BOOL_CONVERSION = YES;
				CLANG_WARN_CONSTANT_CONVERSION = YES;
				CLANG_WARN_DIRECT_OBJC_ISA_USAGE = YES_ERROR;
				CLANG_WARN_EMPTY_BODY = YES;
				CLANG_WARN_ENUM_CONVERSION = YES;
				CLANG_WARN_INT_CONVERSION = YES;
				CLANG_WARN_OBJC_ROOT_CLASS = YES_ERROR;
				CLANG_WARN_UNREACHABLE_CODE = YES;
				CLANG_WARN__DUPLICATE_METHOD_MATCH = YES;
				"CODE_SIGN_IDENTITY[sdk=iphoneos*]" = "iPhone Developer";
				COPY_PHASE_STRIP = NO;
				ENABLE_STRICT_OBJC_MSGSEND = YES;
				GCC_C_LANGUAGE_STANDARD = gnu99;
				GCC_DYNAMIC_NO_PIC = NO;
				GCC_OPTIMIZATION_LEVEL = 0;
				GCC_PREPROCESSOR_DEFINITIONS = (
					"DEBUG=1",
					"$(inherited)",
				);
				GCC_SYMBOLS_PRIVATE_EXTERN = NO;
				GCC_WARN_64_TO_32_BIT_CONVERSION = YES;
				GCC_WARN_ABOUT_RETURN_TYPE = YES_ERROR;
				GCC_WARN_UNDECLARED_SELECTOR = YES;
				GCC_WARN_UNINITIALIZED_AUTOS = YES_AGGRESSIVE;
				GCC_WARN_UNUSED_FUNCTION = YES;
				GCC_WARN_UNUSED_VARIABLE = YES;
				IPHONEOS_DEPLOYMENT_TARGET = 8.0;
				MTL_ENABLE_DEBUG_INFO = YES;
				ONLY_ACTIVE_ARCH = YES;
				SDKROOT = iphoneos;
			};
			name = Debug;
		};
		65309FDC19D801D6005613FE /* Release */ = {
			isa = XCBuildConfiguration;
			buildSettings = {
				ALWAYS_SEARCH_USER_PATHS = NO;
				CLANG_CXX_LANGUAGE_STANDARD = "gnu++0x";
				CLANG_CXX_LIBRARY = "libc++";
				CLANG_ENABLE_MODULES = YES;
				CLANG_ENABLE_OBJC_ARC = YES;
				CLANG_WARN_BOOL_CONVERSION = YES;
				CLANG_WARN_CONSTANT_CONVERSION = YES;
				CLANG_WARN_DIRECT_OBJC_ISA_USAGE = YES_ERROR;
				CLANG_WARN_EMPTY_BODY = YES;
				CLANG_WARN_ENUM_CONVERSION = YES;
				CLANG_WARN_INT_CONVERSION = YES;
				CLANG_WARN_OBJC_ROOT_CLASS = YES_ERROR;
				CLANG_WARN_UNREACHABLE_CODE = YES;
				CLANG_WARN__DUPLICATE_METHOD_MATCH = YES;
				"CODE_SIGN_IDENTITY[sdk=iphoneos*]" = "iPhone Developer";
				COPY_PHASE_STRIP = YES;
				ENABLE_NS_ASSERTIONS = NO;
				ENABLE_STRICT_OBJC_MSGSEND = YES;
				GCC_C_LANGUAGE_STANDARD = gnu99;
				GCC_WARN_64_TO_32_BIT_CONVERSION = YES;
				GCC_WARN_ABOUT_RETURN_TYPE = YES_ERROR;
				GCC_WARN_UNDECLARED_SELECTOR = YES;
				GCC_WARN_UNINITIALIZED_AUTOS = YES_AGGRESSIVE;
				GCC_WARN_UNUSED_FUNCTION = YES;
				GCC_WARN_UNUSED_VARIABLE = YES;
				IPHONEOS_DEPLOYMENT_TARGET = 8.0;
				MTL_ENABLE_DEBUG_INFO = NO;
				SDKROOT = iphoneos;
				VALIDATE_PRODUCT = YES;
			};
			name = Release;
		};
		65309FDE19D801D6005613FE /* Debug */ = {
			isa = XCBuildConfiguration;
			buildSettings = {
				ASSETCATALOG_COMPILER_APPICON_NAME = AppIcon;
				INFOPLIST_FILE = DaySix_DelegatePattern/Info.plist;
				LD_RUNPATH_SEARCH_PATHS = "$(inherited) @executable_path/Frameworks";
				PRODUCT_NAME = "$(TARGET_NAME)";
			};
			name = Debug;
		};
		65309FDF19D801D6005613FE /* Release */ = {
			isa = XCBuildConfiguration;
			buildSettings = {
				ASSETCATALOG_COMPILER_APPICON_NAME = AppIcon;
				INFOPLIST_FILE = DaySix_DelegatePattern/Info.plist;
				LD_RUNPATH_SEARCH_PATHS = "$(inherited) @executable_path/Frameworks";
				PRODUCT_NAME = "$(TARGET_NAME)";
			};
			name = Release;
		};
		65309FE119D801D6005613FE /* Debug */ = {
			isa = XCBuildConfiguration;
			buildSettings = {
				BUNDLE_LOADER = "$(TEST_HOST)";
				FRAMEWORK_SEARCH_PATHS = (
					"$(SDKROOT)/Developer/Library/Frameworks",
					"$(inherited)",
				);
				GCC_PREPROCESSOR_DEFINITIONS = (
					"DEBUG=1",
					"$(inherited)",
				);
				INFOPLIST_FILE = DaySix_DelegatePatternTests/Info.plist;
				LD_RUNPATH_SEARCH_PATHS = "$(inherited) @executable_path/Frameworks @loader_path/Frameworks";
				PRODUCT_NAME = "$(TARGET_NAME)";
				TEST_HOST = "$(BUILT_PRODUCTS_DIR)/DaySix_DelegatePattern.app/DaySix_DelegatePattern";
			};
			name = Debug;
		};
		65309FE219D801D6005613FE /* Release */ = {
			isa = XCBuildConfiguration;
			buildSettings = {
				BUNDLE_LOADER = "$(TEST_HOST)";
				FRAMEWORK_SEARCH_PATHS = (
					"$(SDKROOT)/Developer/Library/Frameworks",
					"$(inherited)",
				);
				INFOPLIST_FILE = DaySix_DelegatePatternTests/Info.plist;
				LD_RUNPATH_SEARCH_PATHS = "$(inherited) @executable_path/Frameworks @loader_path/Frameworks";
				PRODUCT_NAME = "$(TARGET_NAME)";
				TEST_HOST = "$(BUILT_PRODUCTS_DIR)/DaySix_DelegatePattern.app/DaySix_DelegatePattern";
			};
			name = Release;
		};
/* End XCBuildConfiguration section */

/* Begin XCConfigurationList section */
		65309FB519D801D6005613FE /* Build configuration list for PBXProject "DaySix_DelegatePattern" */ = {
			isa = XCConfigurationList;
			buildConfigurations = (
				65309FDB19D801D6005613FE /* Debug */,
				65309FDC19D801D6005613FE /* Release */,
			);
			defaultConfigurationIsVisible = 0;
			defaultConfigurationName = Release;
		};
		65309FDD19D801D6005613FE /* Build configuration list for PBXNativeTarget "DaySix_DelegatePattern" */ = {
			isa = XCConfigurationList;
			buildConfigurations = (
				65309FDE19D801D6005613FE /* Debug */,
				65309FDF19D801D6005613FE /* Release */,
			);
			defaultConfigurationIsVisible = 0;
		};
		65309FE019D801D6005613FE /* Build configuration list for PBXNativeTarget "DaySix_DelegatePatternTests" */ = {
			isa = XCConfigurationList;
			buildConfigurations = (
				65309FE119D801D6005613FE /* Debug */,
				65309FE219D801D6005613FE /* Release */,
			);
			defaultConfigurationIsVisible = 0;
		};
/* End XCConfigurationList section */
	};
	rootObject = 65309FB219D801D6005613FE /* Project object */;
}
